github.com/HugoBlox/hugo-blox-builder/modules/blox-bootstrap/v5 v5.9.8-0.20240513194541-c2e9a799f797 h1:4a7ZjpIpfy5m+gK+s7cfWjTI5zJMTO90+Sel5XbWuMw=
github.com/HugoBlox/hugo-blox-builder/modules/blox-bootstrap/v5 v5.9.8-0.20240513194541-c2e9a799f797/go.mod h1:xZiTEEurbEwj/NhZohozvlyLCGVCT2wARHDAJeqKG/c=
github.com/HugoBlox/hugo-blox-builder/modules/blox-bootstrap/v5 v5.9.8-0.20241012174104-661cadc17327 h1:aKhll1k3EctTWSvLZYrkhz4ehSqo1+OX5Ho7LvfZR/0=
github.com/HugoBlox/hugo-blox-builder/modules/blox-bootstrap/v5 v5.9.8-0.20241012174104-661cadc17327/go.mod h1:+Itucnia7M8NWxaEys257x/34K4+POiBlR1yYCTrzBM=
github.com/HugoBlox/hugo-blox-builder/modules/blox-core v0.3.1/go.mod h1:So8+V2U+TNxlXmcpZfdDX0muLh3PdJ7z92h30sv3bZg=
github.com/HugoBlox/hugo-blox-builder/modules/blox-plugin-decap-cms v0.1.2-0.20231108143325-448ed0e3bd2b h1:pOYZJXK2hahVeW/FcVuBoFdvtR3DpsDDZVcbGnMNEdQ=
github.com/HugoBlox/hugo-blox-builder/modules/blox-plugin-decap-cms v0.1.2-0.20231108143325-448ed0e3bd2b/go.mod h1:Njlsj3S1Z833TdX1nacJZzsiwGGhOq4Nilzo2BH/wQ8=
github.com/HugoBlox/hugo-blox-builder/modules/blox-plugin-netlify v1.1.1 h1:qlDCZWq7OhuwLr7/rDPXe8iGxam2t1kgLabZ9EP0VqM=
github.com/HugoBlox/hugo-blox-builder/modules/blox-plugin-netlify v1.1.1/go.mod h1:C7jfxMLv1bEUqbM9XDSmEpfOpS8w06OgqNDEcbuRgL4=
github.com/HugoBlox/hugo-blox-builder/modules/blox-plugin-netlify v1.1.2-0.20240513194541-c2e9a799f797 h1:sqf0QCVjz9NpcrbDNwmSawjdfArJFpqMk2WW4z/XK5E=
github.com/HugoBlox/hugo-blox-builder/modules/blox-plugin-netlify v1.1.2-0.20240513194541-c2e9a799f797/go.mod h1:C7jfxMLv1bEUqbM9XDSmEpfOpS8w06OgqNDEcbuRgL4=
github.com/HugoBlox/hugo-blox-builder/modules/blox-plugin-reveal v1.1.3-0.20240513194541-c2e9a799f797 h1:Z17zyxWiH1qFdlNPryJtfRnKmikUeenEie1oseHFrpY=
github.com/HugoBlox/hugo-blox-builder/modules/blox-plugin-reveal v1.1.3-0.20240513194541-c2e9a799f797/go.mod h1:F7quX1aEkV2pToTpmDBXOSTkytAnCKkqv/JFLclqa2g=
github.com/HugoBlox/hugo-blox-builder/modules/blox-seo v0.2.2/go.mod h1:NsESu6cEms1DgH84icCyylElg2Zu8A0f7Fma5JR0LZE=
github.com/HugoBlox/hugo-blox-builder/modules/blox-seo v0.2.3/go.mod h1:NsESu6cEms1DgH84icCyylElg2Zu8A0f7Fma5JR0LZE=
github.com/wowchemy/wowchemy-hugo-modules/wowchemy v0.0.0-20210209220000-aa4fe0c75726 h1:0el025jqd8fqt+BtIt71cJz28GuMMdj1AUUozw8SBAQ=
github.com/wowchemy/wowchemy-hugo-modules/wowchemy v0.0.0-20210209220000-aa4fe0c75726/go.mod h1:H22qfH9qj3FWwsk7+bAZpmT24yRGNQURah2/IRwjbn8=
github.com/wowchemy/wowchemy-hugo-modules/wowchemy-cms v0.0.0-20210209220000-aa4fe0c75726 h1:RC0nrHvtVgFRPpxE2Pz7iGFoNV8EAa3Vom9mKUV4RSk=
github.com/wowchemy/wowchemy-hugo-modules/wowchemy-cms v0.0.0-20210209220000-aa4fe0c75726/go.mod h1:AKpYbqUVlj0VYsc7Jsxe1o8Ko2yV31A5ZPdfpACcXJw=
github.com/wowchemy/wowchemy-hugo-themes/modules/wowchemy-core v0.1.0/go.mod h1:kJwI9H8dicHQCnP8G9EvUDI+oNg/yXcGsjGjwjXuM8I=
github.com/wowchemy/wowchemy-hugo-themes/modules/wowchemy-seo v0.1.0/go.mod h1:R01vz++1i/KR2n00aWGcs6m/L7ky1klbrpqA2KXjMCk=
github.com/wowchemy/wowchemy-hugo-themes/modules/wowchemy/v5 v5.7.1-0.20230106134435-b9752d697a7b/go.mod h1:pxtkh2Fw4Vdwh2NvIYpCqhR0g7MgwVAxFN1lW9Rep44=
